
Microsoft Visual Studio Solution File, Format Version 12.00
# Visual Studio Version 17
VisualStudioVersion = 17.6.33815.320
MinimumVisualStudioVersion = 10.0.40219.1
Project("{FAE04EC0-301F-11D3-BF4B-00C04F79EFBC}") = "BulkyWeb", "BulkyWeb\BulkyWeb.csproj", "{00B596E5-5B81-4584-9867-FC1CE8F7B8E7}"
EndProject
Global
	GlobalSection(SolutionConfigurationPlatforms) = preSolution
		Debug|Any CPU = Debug|Any CPU
		Release|Any CPU = Release|Any CPU
	EndGlobalSection
	GlobalSection(ProjectConfigurationPlatforms) = postSolution
		{00B596E5-5B81-4584-9867-FC1CE8F7B8E7}.Debug|Any CPU.ActiveCfg = Debug|Any CPU
		{00B596E5-5B81-4584-9867-FC1CE8F7B8E7}.Debug|Any CPU.Build.0 = Debug|Any CPU
		{00B596E5-5B81-4584-9867-FC1CE8F7B8E7}.Release|Any CPU.ActiveCfg = Release|Any CPU
		{00B596E5-5B81-4584-9867-FC1CE8F7B8E7}.Release|Any CPU.Build.0 = Release|Any CPU
	EndGlobalSection
	GlobalSection(SolutionProperties) = preSolution
		HideSolutionNode = FALSE
	EndGlobalSection
	GlobalSection(ExtensibilityGlobals) = postSolution
		SolutionGuid = {4188224F-4395-44A1-B46E-5A426AF4D66A}
	EndGlobalSection
EndGlobal
